# @generated by Move, please check-in and do not edit manually.

[move]
version = 3
manifest_digest = "0AC3BAA3D7053ED4F7D3846353090F90E9A5792248C43A8745CF6C3F2C038823"
deps_digest = "F8BBB0CCB2491CA29A3DF03D6F92277A4F3574266507ACD77214D37ECA3F3082"
dependencies = [
  { id = "Sui", name = "Sui" },
]

[[move.package]]
id = "MoveStdlib"
source = { git = "https://github.com/MystenLabs/sui.git", rev = "framework/testnet", subdir = "crates/sui-framework/packages/move-stdlib" }

[[move.package]]
id = "Sui"
source = { git = "https://github.com/MystenLabs/sui.git", rev = "framework/testnet", subdir = "crates/sui-framework/packages/sui-framework" }

dependencies = [
  { id = "MoveStdlib", name = "MoveStdlib" },
]

[move.toolchain-version]
compiler-version = "1.55.0"
edition = "2024.beta"
flavor = "sui"

[env]

[env.testnet]
chain-id = "4c78adac"
original-published-id = "0x39763317fb8476c31cbf162a18a3fb906d4a01ef9a39009495033ce226f097ec"
latest-published-id = "0x39763317fb8476c31cbf162a18a3fb906d4a01ef9a39009495033ce226f097ec"
published-version = "1"
